
Microsoft Visual Studio Solution File, Format Version 12.00
# Visual Studio Version 16
VisualStudioVersion = 16.0.29911.84
MinimumVisualStudioVersion = 10.0.40219.1
Project("{FAE04EC0-301F-11D3-BF4B-00C04F79EFBC}") = "MVCDemoInCore", "MVCDemoInCore\MVCDemoInCore.csproj", "{0448A725-FEA4-4888-81C2-73C79586BC03}"
EndProject
Global
	GlobalSection(SolutionConfigurationPlatforms) = preSolution
		Debug|Any CPU = Debug|Any CPU
		Release|Any CPU = Release|Any CPU
	EndGlobalSection
	GlobalSection(ProjectConfigurationPlatforms) = postSolution
		{0448A725-FEA4-4888-81C2-73C79586BC03}.Debug|Any CPU.ActiveCfg = Debug|Any CPU
		{0448A725-FEA4-4888-81C2-73C79586BC03}.Debug|Any CPU.Build.0 = Debug|Any CPU
		{0448A725-FEA4-4888-81C2-73C79586BC03}.Release|Any CPU.ActiveCfg = Release|Any CPU
		{0448A725-FEA4-4888-81C2-73C79586BC03}.Release|Any CPU.Build.0 = Release|Any CPU
	EndGlobalSection
	GlobalSection(SolutionProperties) = preSolution
		HideSolutionNode = FALSE
	EndGlobalSection
	GlobalSection(ExtensibilityGlobals) = postSolution
		SolutionGuid = {358164B3-552D-417A-87D1-8E02AB0BDD96}
	EndGlobalSection
EndGlobal
